<?xml version="1.0" encoding="utf-8"?>
<Project ToolsVersion="4.0" xmlns="http://schemas.microsoft.com/developer/msbuild/2003">
  <ItemGroup>
    <Filter Include="Utils">
      <UniqueIdentifier>{93995380-89BD-4b04-88EB-625FBE52EBFB}</UniqueIdentifier>
      <Extensions>h;hh;hpp;hxx;hm;inl;inc;xsd</Extensions>
    </Filter>
  </ItemGroup>
  <ItemGroup>
    <ClInclude Include="Application.h" />
    <ClInclude Include="Globals.h" />
    <ClInclude Include="Module.h" />
    <ClInclude Include="ModuleAudio.h" />
    <ClInclude Include="ModuleInput.h" />
    <ClInclude Include="ModulePhysics.h" />
    <ClInclude Include="ModulePlayer.h" />
    <ClInclude Include="ModuleRender.h" />
    <ClInclude Include="ModuleSceneIntro.h" />
    <ClInclude Include="ModuleTextures.h" />
    <ClInclude Include="ModuleWindow.h" />
    <ClInclude Include="PerfTimer.h" />
    <ClInclude Include="Timer.h" />
    <ClInclude Include="p2DynArray.h">
      <Filter>Utils</Filter>
    </ClInclude>
    <ClInclude Include="p2List.h">
      <Filter>Utils</Filter>
    </ClInclude>
    <ClInclude Include="p2Point.h">
      <Filter>Utils</Filter>
    </ClInclude>
    <ClInclude Include="Animation.h">
      <Filter>Utils</Filter>
    </ClInclude>
  </ItemGroup>
  <ItemGroup>
    <ClCompile Include="Application.cpp" />
    <ClCompile Include="log.cpp" />
    <ClCompile Include="Main.cpp" />
    <ClCompile Include="ModuleAudio.cpp" />
    <ClCompile Include="ModuleInput.cpp" />
    <ClCompile Include="ModulePhysics.cpp" />
    <ClCompile Include="ModulePlayer.cpp" />
    <ClCompile Include="ModuleRender.cpp" />
    <ClCompile Include="ModuleSceneIntro.cpp" />
    <ClCompile Include="ModuleTextures.cpp" />
    <ClCompile Include="ModuleWindow.cpp" />
    <ClCompile Include="PerfTimer.cpp" />
    <ClCompile Include="Timer.cpp" />
  </ItemGroup>
</Project>